
Microsoft Visual Studio Solution File, Format Version 12.00
# Visual Studio Version 17
VisualStudioVersion = 17.8.34525.116
MinimumVisualStudioVersion = 10.0.40219.1
Project("{FAE04EC0-301F-11D3-BF4B-00C04F79EFBC}") = "Cash program", "Cash program.csproj", "{0AD51E97-322C-4A1E-8254-7E713E0BD395}"
EndProject
Global
	GlobalSection(SolutionConfigurationPlatforms) = preSolution
		Debug|Any CPU = Debug|Any CPU
		Release|Any CPU = Release|Any CPU
	EndGlobalSection
	GlobalSection(ProjectConfigurationPlatforms) = postSolution
		{0AD51E97-322C-4A1E-8254-7E713E0BD395}.Debug|Any CPU.ActiveCfg = Debug|Any CPU
		{0AD51E97-322C-4A1E-8254-7E713E0BD395}.Debug|Any CPU.Build.0 = Debug|Any CPU
		{0AD51E97-322C-4A1E-8254-7E713E0BD395}.Release|Any CPU.ActiveCfg = Release|Any CPU
		{0AD51E97-322C-4A1E-8254-7E713E0BD395}.Release|Any CPU.Build.0 = Release|Any CPU
	EndGlobalSection
	GlobalSection(SolutionProperties) = preSolution
		HideSolutionNode = FALSE
	EndGlobalSection
	GlobalSection(ExtensibilityGlobals) = postSolution
		SolutionGuid = {1CBACE27-92BD-4F1D-8EF6-C76882B70864}
	EndGlobalSection
EndGlobal
